
Microsoft Visual Studio Solution File, Format Version 12.00
# Visual Studio Version 17
VisualStudioVersion = 17.13.35825.156 d17.13
MinimumVisualStudioVersion = 10.0.40219.1
Project("{9A19103F-16F7-4668-BE54-9A1E7A4F7556}") = "Optix.Movies.Api", "Optix.Movies\Optix.Movies.Api.csproj", "{E5DF5188-487D-4481-B547-5FC142794919}"
EndProject
Project("{9A19103F-16F7-4668-BE54-9A1E7A4F7556}") = "Optix.Movies.Api.Test", "Optix.Movies.Api.Test\Optix.Movies.Api.Test.csproj", "{4DADA65D-A5AF-4E32-985D-0902BBB4BC2C}"
EndProject
Project("{9A19103F-16F7-4668-BE54-9A1E7A4F7556}") = "Optix.Movies.Model", "Optix.Movies.Model\Optix.Movies.Model.csproj", "{A623B61C-B2EE-4B96-A3DA-792A5FBABCA0}"
EndProject
Project("{FAE04EC0-301F-11D3-BF4B-00C04F79EFBC}") = "Optix.Movies.Model.Test", "Optix.Movies.Model.Test\Optix.Movies.Model.Test.csproj", "{5D1C9EC1-22C1-4D37-A19A-AAEFDA24B71B}"
EndProject
Project("{FAE04EC0-301F-11D3-BF4B-00C04F79EFBC}") = "Optix.Movies.DataImporter", "Optix.DataImporter\Optix.Movies.DataImporter.csproj", "{8023D29A-D119-4A66-9D89-8029A21A699F}"
EndProject
Global
	GlobalSection(SolutionConfigurationPlatforms) = preSolution
		Debug|Any CPU = Debug|Any CPU
		Release|Any CPU = Release|Any CPU
	EndGlobalSection
	GlobalSection(ProjectConfigurationPlatforms) = postSolution
		{E5DF5188-487D-4481-B547-5FC142794919}.Debug|Any CPU.ActiveCfg = Debug|Any CPU
		{E5DF5188-487D-4481-B547-5FC142794919}.Debug|Any CPU.Build.0 = Debug|Any CPU
		{E5DF5188-487D-4481-B547-5FC142794919}.Release|Any CPU.ActiveCfg = Release|Any CPU
		{E5DF5188-487D-4481-B547-5FC142794919}.Release|Any CPU.Build.0 = Release|Any CPU
		{4DADA65D-A5AF-4E32-985D-0902BBB4BC2C}.Debug|Any CPU.ActiveCfg = Debug|Any CPU
		{4DADA65D-A5AF-4E32-985D-0902BBB4BC2C}.Debug|Any CPU.Build.0 = Debug|Any CPU
		{4DADA65D-A5AF-4E32-985D-0902BBB4BC2C}.Release|Any CPU.ActiveCfg = Release|Any CPU
		{4DADA65D-A5AF-4E32-985D-0902BBB4BC2C}.Release|Any CPU.Build.0 = Release|Any CPU
		{A623B61C-B2EE-4B96-A3DA-792A5FBABCA0}.Debug|Any CPU.ActiveCfg = Debug|Any CPU
		{A623B61C-B2EE-4B96-A3DA-792A5FBABCA0}.Debug|Any CPU.Build.0 = Debug|Any CPU
		{A623B61C-B2EE-4B96-A3DA-792A5FBABCA0}.Release|Any CPU.ActiveCfg = Release|Any CPU
		{A623B61C-B2EE-4B96-A3DA-792A5FBABCA0}.Release|Any CPU.Build.0 = Release|Any CPU
		{5D1C9EC1-22C1-4D37-A19A-AAEFDA24B71B}.Debug|Any CPU.ActiveCfg = Debug|Any CPU
		{5D1C9EC1-22C1-4D37-A19A-AAEFDA24B71B}.Debug|Any CPU.Build.0 = Debug|Any CPU
		{5D1C9EC1-22C1-4D37-A19A-AAEFDA24B71B}.Release|Any CPU.ActiveCfg = Release|Any CPU
		{5D1C9EC1-22C1-4D37-A19A-AAEFDA24B71B}.Release|Any CPU.Build.0 = Release|Any CPU
		{8023D29A-D119-4A66-9D89-8029A21A699F}.Debug|Any CPU.ActiveCfg = Debug|Any CPU
		{8023D29A-D119-4A66-9D89-8029A21A699F}.Debug|Any CPU.Build.0 = Debug|Any CPU
		{8023D29A-D119-4A66-9D89-8029A21A699F}.Release|Any CPU.ActiveCfg = Release|Any CPU
		{8023D29A-D119-4A66-9D89-8029A21A699F}.Release|Any CPU.Build.0 = Release|Any CPU
	EndGlobalSection
	GlobalSection(SolutionProperties) = preSolution
		HideSolutionNode = FALSE
	EndGlobalSection
	GlobalSection(ExtensibilityGlobals) = postSolution
		SolutionGuid = {5A4DE1EB-4577-4A92-9971-45E40E55BE30}
	EndGlobalSection
EndGlobal
